
Microsoft Visual Studio Solution File, Format Version 12.00
# Visual Studio Version 16
VisualStudioVersion = 16.0.809.10
MinimumVisualStudioVersion = 10.0.40219.1
Project("{FAE04EC0-301F-11D3-BF4B-00C04F79EFBC}") = "IMSdk", "IMSdk\IMSdk.csproj", "{088A7F37-4EF5-492C-A82B-6ADF5B129FAE}"
EndProject
Project("{FAE04EC0-301F-11D3-BF4B-00C04F79EFBC}") = "Test", "Test\Test.csproj", "{22F5BB32-948C-42B2-8315-A3E5E3A8BA70}"
EndProject
Project("{2150E333-8FDC-42A3-9474-1A3956D46DE8}") = "Solution Items", "Solution Items", "{3CC2BD37-3565-44B5-B84A-F210CD92AD7E}"
	ProjectSection(SolutionItems) = preProject
		README.md = README.md
	EndProjectSection
EndProject
Global
	GlobalSection(SolutionConfigurationPlatforms) = preSolution
		Debug|Any CPU = Debug|Any CPU
		Release|Any CPU = Release|Any CPU
	EndGlobalSection
	GlobalSection(ProjectConfigurationPlatforms) = postSolution
		{088A7F37-4EF5-492C-A82B-6ADF5B129FAE}.Debug|Any CPU.ActiveCfg = Debug|Any CPU
		{088A7F37-4EF5-492C-A82B-6ADF5B129FAE}.Debug|Any CPU.Build.0 = Debug|Any CPU
		{088A7F37-4EF5-492C-A82B-6ADF5B129FAE}.Release|Any CPU.ActiveCfg = Release|Any CPU
		{088A7F37-4EF5-492C-A82B-6ADF5B129FAE}.Release|Any CPU.Build.0 = Release|Any CPU
		{22F5BB32-948C-42B2-8315-A3E5E3A8BA70}.Debug|Any CPU.ActiveCfg = Debug|Any CPU
		{22F5BB32-948C-42B2-8315-A3E5E3A8BA70}.Debug|Any CPU.Build.0 = Debug|Any CPU
		{22F5BB32-948C-42B2-8315-A3E5E3A8BA70}.Release|Any CPU.ActiveCfg = Release|Any CPU
		{22F5BB32-948C-42B2-8315-A3E5E3A8BA70}.Release|Any CPU.Build.0 = Release|Any CPU
	EndGlobalSection
	GlobalSection(SolutionProperties) = preSolution
		HideSolutionNode = FALSE
	EndGlobalSection
	GlobalSection(ExtensibilityGlobals) = postSolution
		SolutionGuid = {9FF601CE-EB41-48D4-8926-C238854172EA}
	EndGlobalSection
EndGlobal
